// !$*UTF8*$!
{
	archiveVersion = 1;
	classes = {
	};
	objectVersion = 51;
	objects = {

/* Begin PBXBuildFile section */
		8C6F789FED3D1900CE694237 /* Pods_LittlePink.framework in Frameworks */ = {isa = PBXBuildFile; fileRef = 3593EFF3E7752C48544BEC9D /* Pods_LittlePink.framework */; };
		B2124ED52611052D009132F4 /* AppDelegate.swift in Sources */ = {isa = PBXBuildFile; fileRef = B2124ED42611052D009132F4 /* AppDelegate.swift */; };
		B2124ED72611052D009132F4 /* SceneDelegate.swift in Sources */ = {isa = PBXBuildFile; fileRef = B2124ED62611052D009132F4 /* SceneDelegate.swift */; };
		B2124EDC2611052D009132F4 /* Main.storyboard in Resources */ = {isa = PBXBuildFile; fileRef = B2124EDA2611052D009132F4 /* Main.storyboard */; };
		B2124EDE2611052E009132F4 /* Assets.xcassets in Resources */ = {isa = PBXBuildFile; fileRef = B2124EDD2611052E009132F4 /* Assets.xcassets */; };
		B2124EE12611052E009132F4 /* LaunchScreen.storyboard in Resources */ = {isa = PBXBuildFile; fileRef = B2124EDF2611052E009132F4 /* LaunchScreen.storyboard */; };
		B2165C9A2620E4480021D635 /* HomeViewController.swift in Sources */ = {isa = PBXBuildFile; fileRef = B2165C992620E4480021D635 /* HomeViewController.swift */; };
		B2165C9D2620F57C0021D635 /* FollowVC.swift in Sources */ = {isa = PBXBuildFile; fileRef = B2165C9C2620F57C0021D635 /* FollowVC.swift */; };
		B2165CA02620F58E0021D635 /* DiscoverVC.swift in Sources */ = {isa = PBXBuildFile; fileRef = B2165C9F2620F58E0021D635 /* DiscoverVC.swift */; };
		B2165CA32620F5B50021D635 /* NearbyVC.swift in Sources */ = {isa = PBXBuildFile; fileRef = B2165CA22620F5B50021D635 /* NearbyVC.swift */; };
		B2165CA62620F7C60021D635 /* Constants.swift in Sources */ = {isa = PBXBuildFile; fileRef = B2165CA52620F7C60021D635 /* Constants.swift */; };
		B25F5042262493B30050577A /* LaunchScreen_ch.storyboard in Resources */ = {isa = PBXBuildFile; fileRef = B25F5041262493B30050577A /* LaunchScreen_ch.storyboard */; };
		B2C9A7522622F491006FD746 /* WaterfallCVC.swift in Sources */ = {isa = PBXBuildFile; fileRef = B2C9A7512622F491006FD746 /* WaterfallCVC.swift */; };
		B2C9A75526231C62006FD746 /* WaterfallCell.swift in Sources */ = {isa = PBXBuildFile; fileRef = B2C9A75426231C62006FD746 /* WaterfallCell.swift */; };
		B2FA720B26247C9800E97ABC /* Localizable.strings in Resources */ = {isa = PBXBuildFile; fileRef = B2FA720926247C9800E97ABC /* Localizable.strings */; };
		B2FA721126247F4200E97ABC /* InfoPlist.strings in Resources */ = {isa = PBXBuildFile; fileRef = B2FA721326247F4200E97ABC /* InfoPlist.strings */; };
/* End PBXBuildFile section */

/* Begin PBXFileReference section */
		3593EFF3E7752C48544BEC9D /* Pods_LittlePink.framework */ = {isa = PBXFileReference; explicitFileType = wrapper.framework; includeInIndex = 0; path = Pods_LittlePink.framework; sourceTree = BUILT_PRODUCTS_DIR; };
		58AF9E0D27CE7A5A6C38626E /* Pods-LittlePink.debug.xcconfig */ = {isa = PBXFileReference; includeInIndex = 1; lastKnownFileType = text.xcconfig; name = "Pods-LittlePink.debug.xcconfig"; path = "Target Support Files/Pods-LittlePink/Pods-LittlePink.debug.xcconfig"; sourceTree = "<group>"; };
		8254C163B88DF6BE7F8192FF /* Pods-LittlePink.release.xcconfig */ = {isa = PBXFileReference; includeInIndex = 1; lastKnownFileType = text.xcconfig; name = "Pods-LittlePink.release.xcconfig"; path = "Target Support Files/Pods-LittlePink/Pods-LittlePink.release.xcconfig"; sourceTree = "<group>"; };
		B2124ED12611052D009132F4 /* LittlePink.app */ = {isa = PBXFileReference; explicitFileType = wrapper.application; includeInIndex = 0; path = LittlePink.app; sourceTree = BUILT_PRODUCTS_DIR; };
		B2124ED42611052D009132F4 /* AppDelegate.swift */ = {isa = PBXFileReference; lastKnownFileType = sourcecode.swift; path = AppDelegate.swift; sourceTree = "<group>"; };
		B2124ED62611052D009132F4 /* SceneDelegate.swift */ = {isa = PBXFileReference; lastKnownFileType = sourcecode.swift; path = SceneDelegate.swift; sourceTree = "<group>"; };
		B2124EDB2611052D009132F4 /* Base */ = {isa = PBXFileReference; lastKnownFileType = file.storyboard; name = Base; path = Base.lproj/Main.storyboard; sourceTree = "<group>"; };
		B2124EDD2611052E009132F4 /* Assets.xcassets */ = {isa = PBXFileReference; lastKnownFileType = folder.assetcatalog; path = Assets.xcassets; sourceTree = "<group>"; };
		B2124EE02611052E009132F4 /* Base */ = {isa = PBXFileReference; lastKnownFileType = file.storyboard; name = Base; path = Base.lproj/LaunchScreen.storyboard; sourceTree = "<group>"; };
		B2165C992620E4480021D635 /* HomeViewController.swift */ = {isa = PBXFileReference; lastKnownFileType = sourcecode.swift; path = HomeViewController.swift; sourceTree = "<group>"; };
		B2165C9C2620F57C0021D635 /* FollowVC.swift */ = {isa = PBXFileReference; lastKnownFileType = sourcecode.swift; path = FollowVC.swift; sourceTree = "<group>"; };
		B2165C9F2620F58E0021D635 /* DiscoverVC.swift */ = {isa = PBXFileReference; lastKnownFileType = sourcecode.swift; path = DiscoverVC.swift; sourceTree = "<group>"; };
		B2165CA22620F5B50021D635 /* NearbyVC.swift */ = {isa = PBXFileReference; lastKnownFileType = sourcecode.swift; path = NearbyVC.swift; sourceTree = "<group>"; };
		B2165CA52620F7C60021D635 /* Constants.swift */ = {isa = PBXFileReference; lastKnownFileType = sourcecode.swift; path = Constants.swift; sourceTree = "<group>"; };
		B25F5041262493B30050577A /* LaunchScreen_ch.storyboard */ = {isa = PBXFileReference; lastKnownFileType = file.storyboard; path = LaunchScreen_ch.storyboard; sourceTree = "<group>"; };
		B2C9A7512622F491006FD746 /* WaterfallCVC.swift */ = {isa = PBXFileReference; lastKnownFileType = sourcecode.swift; path = WaterfallCVC.swift; sourceTree = "<group>"; };
		B2C9A75426231C62006FD746 /* WaterfallCell.swift */ = {isa = PBXFileReference; lastKnownFileType = sourcecode.swift; path = WaterfallCell.swift; sourceTree = "<group>"; };
		B2FA71FE2624291800E97ABC /* zh-Hans */ = {isa = PBXFileReference; lastKnownFileType = text.plist.strings; name = "zh-Hans"; path = "zh-Hans.lproj/Main.strings"; sourceTree = "<group>"; };
		B2FA71FF2624291800E97ABC /* zh-Hans */ = {isa = PBXFileReference; lastKnownFileType = text.plist.strings; name = "zh-Hans"; path = "zh-Hans.lproj/LaunchScreen.strings"; sourceTree = "<group>"; };
		B2FA720A26247C9800E97ABC /* zh-Hans */ = {isa = PBXFileReference; lastKnownFileType = text.plist.strings; name = "zh-Hans"; path = "zh-Hans.lproj/Localizable.strings"; sourceTree = "<group>"; };
		B2FA721226247F4200E97ABC /* zh-Hans */ = {isa = PBXFileReference; lastKnownFileType = text.plist.strings; name = "zh-Hans"; path = "zh-Hans.lproj/InfoPlist.strings"; sourceTree = "<group>"; };
/* End PBXFileReference section */

/* Begin PBXFrameworksBuildPhase section */
		B2124ECE2611052D009132F4 /* Frameworks */ = {
			isa = PBXFrameworksBuildPhase;
			buildActionMask = 2147483647;
			files = (
				8C6F789FED3D1900CE694237 /* Pods_LittlePink.framework in Frameworks */,
			);
			runOnlyForDeploymentPostprocessing = 0;
		};
/* End PBXFrameworksBuildPhase section */

/* Begin PBXGroup section */
		9F0D989126D70A0ED0315830 /* Frameworks */ = {
			isa = PBXGroup;
			children = (
				3593EFF3E7752C48544BEC9D /* Pods_LittlePink.framework */,
			);
			name = Frameworks;
			sourceTree = "<group>";
		};
		B2124EC82611052D009132F4 = {
			isa = PBXGroup;
			children = (
				B2124ED32611052D009132F4 /* LittlePink */,
				B2124ED22611052D009132F4 /* Products */,
				CFDD614D4DE296F48398CBC9 /* Pods */,
				9F0D989126D70A0ED0315830 /* Frameworks */,
			);
			sourceTree = "<group>";
		};
		B2124ED22611052D009132F4 /* Products */ = {
			isa = PBXGroup;
			children = (
				B2124ED12611052D009132F4 /* LittlePink.app */,
			);
			name = Products;
			sourceTree = "<group>";
		};
		B2124ED32611052D009132F4 /* LittlePink */ = {
			isa = PBXGroup;
			children = (
				B2124ED42611052D009132F4 /* AppDelegate.swift */,
				B2124ED62611052D009132F4 /* SceneDelegate.swift */,
				B2124EDA2611052D009132F4 /* Main.storyboard */,
				B2C9A7512622F491006FD746 /* WaterfallCVC.swift */,
				B2C9A75426231C62006FD746 /* WaterfallCell.swift */,
				B2165CA82620F9B10021D635 /* Home */,
				B2165CA52620F7C60021D635 /* Constants.swift */,
				B2124EDD2611052E009132F4 /* Assets.xcassets */,
				B2124EDF2611052E009132F4 /* LaunchScreen.storyboard */,
				B25F5041262493B30050577A /* LaunchScreen_ch.storyboard */,
				B2FA72152624822300E97ABC /* Resources */,
			);
			path = LittlePink;
			sourceTree = "<group>";
		};
		B2165CA82620F9B10021D635 /* Home */ = {
			isa = PBXGroup;
			children = (
				B2165C9C2620F57C0021D635 /* FollowVC.swift */,
				B2165C9F2620F58E0021D635 /* DiscoverVC.swift */,
				B2165CA22620F5B50021D635 /* NearbyVC.swift */,
				B2165C992620E4480021D635 /* HomeViewController.swift */,
			);
			path = Home;
			sourceTree = "<group>";
		};
		B2FA72152624822300E97ABC /* Resources */ = {
			isa = PBXGroup;
			children = (
				B2FA721326247F4200E97ABC /* InfoPlist.strings */,
				B2FA720926247C9800E97ABC /* Localizable.strings */,
			);
			path = Resources;
			sourceTree = "<group>";
		};
		CFDD614D4DE296F48398CBC9 /* Pods */ = {
			isa = PBXGroup;
			children = (
				58AF9E0D27CE7A5A6C38626E /* Pods-LittlePink.debug.xcconfig */,
				8254C163B88DF6BE7F8192FF /* Pods-LittlePink.release.xcconfig */,
			);
			path = Pods;
			sourceTree = "<group>";
		};
/* End PBXGroup section */

/* Begin PBXNativeTarget section */
		B2124ED02611052D009132F4 /* LittlePink */ = {
			isa = PBXNativeTarget;
			buildConfigurationList = B2124EE52611052E009132F4 /* Build configuration list for PBXNativeTarget "LittlePink" */;
			buildPhases = (
				FD1C02642DD4D9142B7B060A /* [CP] Check Pods Manifest.lock */,
				B2124ECD2611052D009132F4 /* Sources */,
				B2124ECE2611052D009132F4 /* Frameworks */,
				B2124ECF2611052D009132F4 /* Resources */,
				669151EB152ABDCD12F44F48 /* [CP] Embed Pods Frameworks */,
			);
			buildRules = (
			);
			dependencies = (
			);
			name = LittlePink;
			productName = LittlePink;
			productReference = B2124ED12611052D009132F4 /* LittlePink.app */;
			productType = "com.apple.product-type.application";
		};
/* End PBXNativeTarget section */

/* Begin PBXProject section */
		B2124EC92611052D009132F4 /* Project object */ = {
			isa = PBXProject;
			attributes = {
				LastSwiftUpdateCheck = 1240;
				LastUpgradeCheck = 1240;
				TargetAttributes = {
					B2124ED02611052D009132F4 = {
						CreatedOnToolsVersion = 12.4;
					};
				};
			};
			buildConfigurationList = B2124ECC2611052D009132F4 /* Build configuration list for PBXProject "LittlePink" */;
			compatibilityVersion = "Xcode 9.3";
			developmentRegion = en;
			hasScannedForEncodings = 0;
			knownRegions = (
				en,
				Base,
				"zh-Hans",
			);
			mainGroup = B2124EC82611052D009132F4;
			productRefGroup = B2124ED22611052D009132F4 /* Products */;
			projectDirPath = "";
			projectRoot = "";
			targets = (
				B2124ED02611052D009132F4 /* LittlePink */,
			);
		};
/* End PBXProject section */

/* Begin PBXResourcesBuildPhase section */
		B2124ECF2611052D009132F4 /* Resources */ = {
			isa = PBXResourcesBuildPhase;
			buildActionMask = 2147483647;
			files = (
				B2124EE12611052E009132F4 /* LaunchScreen.storyboard in Resources */,
				B2FA720B26247C9800E97ABC /* Localizable.strings in Resources */,
				B2124EDE2611052E009132F4 /* Assets.xcassets in Resources */,
				B2124EDC2611052D009132F4 /* Main.storyboard in Resources */,
				B25F5042262493B30050577A /* LaunchScreen_ch.storyboard in Resources */,
				B2FA721126247F4200E97ABC /* InfoPlist.strings in Resources */,
			);
			runOnlyForDeploymentPostprocessing = 0;
		};
/* End PBXResourcesBuildPhase section */

/* Begin PBXShellScriptBuildPhase section */
		669151EB152ABDCD12F44F48 /* [CP] Embed Pods Frameworks */ = {
			isa = PBXShellScriptBuildPhase;
			buildActionMask = 2147483647;
			files = (
			);
			inputFileListPaths = (
				"${PODS_ROOT}/Target Support Files/Pods-LittlePink/Pods-LittlePink-frameworks-${CONFIGURATION}-input-files.xcfilelist",
			);
			name = "[CP] Embed Pods Frameworks";
			outputFileListPaths = (
				"${PODS_ROOT}/Target Support Files/Pods-LittlePink/Pods-LittlePink-frameworks-${CONFIGURATION}-output-files.xcfilelist",
			);
			runOnlyForDeploymentPostprocessing = 0;
			shellPath = /bin/sh;
			shellScript = "\"${PODS_ROOT}/Target Support Files/Pods-LittlePink/Pods-LittlePink-frameworks.sh\"\n";
			showEnvVarsInLog = 0;
		};
		FD1C02642DD4D9142B7B060A /* [CP] Check Pods Manifest.lock */ = {
			isa = PBXShellScriptBuildPhase;
			buildActionMask = 2147483647;
			files = (
			);
			inputFileListPaths = (
			);
			inputPaths = (
				"${PODS_PODFILE_DIR_PATH}/Podfile.lock",
				"${PODS_ROOT}/Manifest.lock",
			);
			name = "[CP] Check Pods Manifest.lock";
			outputFileListPaths = (
			);
			outputPaths = (
				"$(DERIVED_FILE_DIR)/Pods-LittlePink-checkManifestLockResult.txt",
			);
			runOnlyForDeploymentPostprocessing = 0;
			shellPath = /bin/sh;
			shellScript = "diff \"${PODS_PODFILE_DIR_PATH}/Podfile.lock\" \"${PODS_ROOT}/Manifest.lock\" > /dev/null\nif [ $? != 0 ] ; then\n    # print error to STDERR\n    echo \"error: The sandbox is not in sync with the Podfile.lock. Run 'pod install' or update your CocoaPods installation.\" >&2\n    exit 1\nfi\n# This output is used by Xcode 'outputs' to avoid re-running this script phase.\necho \"SUCCESS\" > \"${SCRIPT_OUTPUT_FILE_0}\"\n";
			showEnvVarsInLog = 0;
		};
/* End PBXShellScriptBuildPhase section */

/* Begin PBXSourcesBuildPhase section */
		B2124ECD2611052D009132F4 /* Sources */ = {
			isa = PBXSourcesBuildPhase;
			buildActionMask = 2147483647;
			files = (
				B2124ED52611052D009132F4 /* AppDelegate.swift in Sources */,
				B2165CA02620F58E0021D635 /* DiscoverVC.swift in Sources */,
				B2165C9D2620F57C0021D635 /* FollowVC.swift in Sources */,
				B2C9A75526231C62006FD746 /* WaterfallCell.swift in Sources */,
				B2C9A7522622F491006FD746 /* WaterfallCVC.swift in Sources */,
				B2124ED72611052D009132F4 /* SceneDelegate.swift in Sources */,
				B2165CA62620F7C60021D635 /* Constants.swift in Sources */,
				B2165C9A2620E4480021D635 /* HomeViewController.swift in Sources */,
				B2165CA32620F5B50021D635 /* NearbyVC.swift in Sources */,
			);
			runOnlyForDeploymentPostprocessing = 0;
		};
/* End PBXSourcesBuildPhase section */

/* Begin PBXVariantGroup section */
		B2124EDA2611052D009132F4 /* Main.storyboard */ = {
			isa = PBXVariantGroup;
			children = (
				B2124EDB2611052D009132F4 /* Base */,
				B2FA71FE2624291800E97ABC /* zh-Hans */,
			);
			name = Main.storyboard;
			sourceTree = "<group>";
		};
		B2124EDF2611052E009132F4 /* LaunchScreen.storyboard */ = {
			isa = PBXVariantGroup;
			children = (
				B2124EE02611052E009132F4 /* Base */,
				B2FA71FF2624291800E97ABC /* zh-Hans */,
			);
			name = LaunchScreen.storyboard;
			sourceTree = "<group>";
		};
		B2FA720926247C9800E97ABC /* Localizable.strings */ = {
			isa = PBXVariantGroup;
			children = (
				B2FA720A26247C9800E97ABC /* zh-Hans */,
			);
			name = Localizable.strings;
			sourceTree = "<group>";
		};
		B2FA721326247F4200E97ABC /* InfoPlist.strings */ = {
			isa = PBXVariantGroup;
			children = (
				B2FA721226247F4200E97ABC /* zh-Hans */,
			);
			name = InfoPlist.strings;
			sourceTree = "<group>";
		};
/* End PBXVariantGroup section */

/* Begin XCBuildConfiguration section */
		B2124EE32611052E009132F4 /* Debug */ = {
			isa = XCBuildConfiguration;
			buildSettings = {
				ALWAYS_SEARCH_USER_PATHS = NO;
				CLANG_ANALYZER_LOCALIZABILITY_NONLOCALIZED = YES;
				CLANG_ANALYZER_NONNULL = YES;
				CLANG_ANALYZER_NUMBER_OBJECT_CONVERSION = YES_AGGRESSIVE;
				CLANG_CXX_LANGUAGE_STANDARD = "gnu++14";
				CLANG_CXX_LIBRARY = "libc++";
				CLANG_ENABLE_MODULES = YES;
				CLANG_ENABLE_OBJC_ARC = YES;
				CLANG_ENABLE_OBJC_WEAK = YES;
				CLANG_WARN_BLOCK_CAPTURE_AUTORELEASING = YES;
				CLANG_WARN_BOOL_CONVERSION = YES;
				CLANG_WARN_COMMA = YES;
				CLANG_WARN_CONSTANT_CONVERSION = YES;
				CLANG_WARN_DEPRECATED_OBJC_IMPLEMENTATIONS = YES;
				CLANG_WARN_DIRECT_OBJC_ISA_USAGE = YES_ERROR;
				CLANG_WARN_DOCUMENTATION_COMMENTS = YES;
				CLANG_WARN_EMPTY_BODY = YES;
				CLANG_WARN_ENUM_CONVERSION = YES;
				CLANG_WARN_INFINITE_RECURSION = YES;
				CLANG_WARN_INT_CONVERSION = YES;
				CLANG_WARN_NON_LITERAL_NULL_CONVERSION = YES;
				CLANG_WARN_OBJC_IMPLICIT_RETAIN_SELF = YES;
				CLANG_WARN_OBJC_LITERAL_CONVERSION = YES;
				CLANG_WARN_OBJC_ROOT_CLASS = YES_ERROR;
				CLANG_WARN_QUOTED_INCLUDE_IN_FRAMEWORK_HEADER = YES;
				CLANG_WARN_RANGE_LOOP_ANALYSIS = YES;
				CLANG_WARN_STRICT_PROTOTYPES = YES;
				CLANG_WARN_SUSPICIOUS_MOVE = YES;
				CLANG_WARN_UNGUARDED_AVAILABILITY = YES_AGGRESSIVE;
				CLANG_WARN_UNREACHABLE_CODE = YES;
				CLANG_WARN__DUPLICATE_METHOD_MATCH = YES;
				COPY_PHASE_STRIP = NO;
				DEBUG_INFORMATION_FORMAT = dwarf;
				ENABLE_STRICT_OBJC_MSGSEND = YES;
				ENABLE_TESTABILITY = YES;
				GCC_C_LANGUAGE_STANDARD = gnu11;
				GCC_DYNAMIC_NO_PIC = NO;
				GCC_NO_COMMON_BLOCKS = YES;
				GCC_OPTIMIZATION_LEVEL = 0;
				GCC_PREPROCESSOR_DEFINITIONS = (
					"DEBUG=1",
					"$(inherited)",
				);
				GCC_WARN_64_TO_32_BIT_CONVERSION = YES;
				GCC_WARN_ABOUT_RETURN_TYPE = YES_ERROR;
				GCC_WARN_UNDECLARED_SELECTOR = YES;
				GCC_WARN_UNINITIALIZED_AUTOS = YES_AGGRESSIVE;
				GCC_WARN_UNUSED_FUNCTION = YES;
				GCC_WARN_UNUSED_VARIABLE = YES;
				IPHONEOS_DEPLOYMENT_TARGET = 14.4;
				MTL_ENABLE_DEBUG_INFO = INCLUDE_SOURCE;
				MTL_FAST_MATH = YES;
				ONLY_ACTIVE_ARCH = YES;
				SDKROOT = iphoneos;
				SWIFT_ACTIVE_COMPILATION_CONDITIONS = DEBUG;
				SWIFT_OPTIMIZATION_LEVEL = "-Onone";
			};
			name = Debug;
		};
		B2124EE42611052E009132F4 /* Release */ = {
			isa = XCBuildConfiguration;
			buildSettings = {
				ALWAYS_SEARCH_USER_PATHS = NO;
				CLANG_ANALYZER_LOCALIZABILITY_NONLOCALIZED = YES;
				CLANG_ANALYZER_NONNULL = YES;
				CLANG_ANALYZER_NUMBER_OBJECT_CONVERSION = YES_AGGRESSIVE;
				CLANG_CXX_LANGUAGE_STANDARD = "gnu++14";
				CLANG_CXX_LIBRARY = "libc++";
				CLANG_ENABLE_MODULES = YES;
				CLANG_ENABLE_OBJC_ARC = YES;
				CLANG_ENABLE_OBJC_WEAK = YES;
				CLANG_WARN_BLOCK_CAPTURE_AUTORELEASING = YES;
				CLANG_WARN_BOOL_CONVERSION = YES;
				CLANG_WARN_COMMA = YES;
				CLANG_WARN_CONSTANT_CONVERSION = YES;
				CLANG_WARN_DEPRECATED_OBJC_IMPLEMENTATIONS = YES;
				CLANG_WARN_DIRECT_OBJC_ISA_USAGE = YES_ERROR;
				CLANG_WARN_DOCUMENTATION_COMMENTS = YES;
				CLANG_WARN_EMPTY_BODY = YES;
				CLANG_WARN_ENUM_CONVERSION = YES;
				CLANG_WARN_INFINITE_RECURSION = YES;
				CLANG_WARN_INT_CONVERSION = YES;
				CLANG_WARN_NON_LITERAL_NULL_CONVERSION = YES;
				CLANG_WARN_OBJC_IMPLICIT_RETAIN_SELF = YES;
				CLANG_WARN_OBJC_LITERAL_CONVERSION = YES;
				CLANG_WARN_OBJC_ROOT_CLASS = YES_ERROR;
				CLANG_WARN_QUOTED_INCLUDE_IN_FRAMEWORK_HEADER = YES;
				CLANG_WARN_RANGE_LOOP_ANALYSIS = YES;
				CLANG_WARN_STRICT_PROTOTYPES = YES;
				CLANG_WARN_SUSPICIOUS_MOVE = YES;
				CLANG_WARN_UNGUARDED_AVAILABILITY = YES_AGGRESSIVE;
				CLANG_WARN_UNREACHABLE_CODE = YES;
				CLANG_WARN__DUPLICATE_METHOD_MATCH = YES;
				COPY_PHASE_STRIP = NO;
				DEBUG_INFORMATION_FORMAT = "dwarf-with-dsym";
				ENABLE_NS_ASSERTIONS = NO;
				ENABLE_STRICT_OBJC_MSGSEND = YES;
				GCC_C_LANGUAGE_STANDARD = gnu11;
				GCC_NO_COMMON_BLOCKS = YES;
				GCC_WARN_64_TO_32_BIT_CONVERSION = YES;
				GCC_WARN_ABOUT_RETURN_TYPE = YES_ERROR;
				GCC_WARN_UNDECLARED_SELECTOR = YES;
				GCC_WARN_UNINITIALIZED_AUTOS = YES_AGGRESSIVE;
				GCC_WARN_UNUSED_FUNCTION = YES;
				GCC_WARN_UNUSED_VARIABLE = YES;
				IPHONEOS_DEPLOYMENT_TARGET = 14.4;
				MTL_ENABLE_DEBUG_INFO = NO;
				MTL_FAST_MATH = YES;
				SDKROOT = iphoneos;
				SWIFT_COMPILATION_MODE = wholemodule;
				SWIFT_OPTIMIZATION_LEVEL = "-O";
				VALIDATE_PRODUCT = YES;
			};
			name = Release;
		};
		B2124EE62611052E009132F4 /* Debug */ = {
			isa = XCBuildConfiguration;
			baseConfigurationReference = 58AF9E0D27CE7A5A6C38626E /* Pods-LittlePink.debug.xcconfig */;
			buildSettings = {
				ASSETCATALOG_COMPILER_APPICON_NAME = AppIcon;
				ASSETCATALOG_COMPILER_GLOBAL_ACCENT_COLOR_NAME = AccentColor;
				CODE_SIGN_STYLE = Automatic;
				DEVELOPMENT_TEAM = K649NFD565;
				INFOPLIST_FILE = LittlePink/Info.plist;
				IPHONEOS_DEPLOYMENT_TARGET = 14.4;
				LD_RUNPATH_SEARCH_PATHS = (
					"$(inherited)",
					"@executable_path/Frameworks",
				);
				PRODUCT_BUNDLE_IDENTIFIER = ios.LittlePink;
				PRODUCT_NAME = "$(TARGET_NAME)";
				SWIFT_VERSION = 5.0;
				TARGETED_DEVICE_FAMILY = 1;
			};
			name = Debug;
		};
		B2124EE72611052E009132F4 /* Release */ = {
			isa = XCBuildConfiguration;
			baseConfigurationReference = 8254C163B88DF6BE7F8192FF /* Pods-LittlePink.release.xcconfig */;
			buildSettings = {
				ASSETCATALOG_COMPILER_APPICON_NAME = AppIcon;
				ASSETCATALOG_COMPILER_GLOBAL_ACCENT_COLOR_NAME = AccentColor;
				CODE_SIGN_STYLE = Automatic;
				DEVELOPMENT_TEAM = K649NFD565;
				INFOPLIST_FILE = LittlePink/Info.plist;
				IPHONEOS_DEPLOYMENT_TARGET = 14.4;
				LD_RUNPATH_SEARCH_PATHS = (
					"$(inherited)",
					"@executable_path/Frameworks",
				);
				PRODUCT_BUNDLE_IDENTIFIER = ios.LittlePink;
				PRODUCT_NAME = "$(TARGET_NAME)";
				SWIFT_VERSION = 5.0;
				TARGETED_DEVICE_FAMILY = 1;
			};
			name = Release;
		};
/* End XCBuildConfiguration section */

/* Begin XCConfigurationList section */
		B2124ECC2611052D009132F4 /* Build configuration list for PBXProject "LittlePink" */ = {
			isa = XCConfigurationList;
			buildConfigurations = (
				B2124EE32611052E009132F4 /* Debug */,
				B2124EE42611052E009132F4 /* Release */,
			);
			defaultConfigurationIsVisible = 0;
			defaultConfigurationName = Release;
		};
		B2124EE52611052E009132F4 /* Build configuration list for PBXNativeTarget "LittlePink" */ = {
			isa = XCConfigurationList;
			buildConfigurations = (
				B2124EE62611052E009132F4 /* Debug */,
				B2124EE72611052E009132F4 /* Release */,
			);
			defaultConfigurationIsVisible = 0;
			defaultConfigurationName = Release;
		};
/* End XCConfigurationList section */
	};
	rootObject = B2124EC92611052D009132F4 /* Project object */;
}
